// !$*UTF8*$!
{
	archiveVersion = 1;
	classes = {
	};
	objectVersion = 50;
	objects = {

/* Begin PBXBuildFile section */
		AEDE834D20A5DFF600824568 /* ShareImageInstagram.framework in Frameworks */ = {isa = PBXBuildFile; fileRef = AEDE834320A5DFF600824568 /* ShareImageInstagram.framework */; };
		AEDE835220A5DFF600824568 /* ShareImageInstagramTests.swift in Sources */ = {isa = PBXBuildFile; fileRef = AEDE835120A5DFF600824568 /* ShareImageInstagramTests.swift */; };
		AEDE835420A5DFF600824568 /* ShareImageInstagram.h in Headers */ = {isa = PBXBuildFile; fileRef = AEDE834620A5DFF600824568 /* ShareImageInstagram.h */; settings = {ATTRIBUTES = (Public, ); }; };
		AEDE835F20A5E0BB00824568 /* ShareImageInstagram.swift in Sources */ = {isa = PBXBuildFile; fileRef = AEDE835E20A5E0BA00824568 /* ShareImageInstagram.swift */; };
/* End PBXBuildFile section */

/* Begin PBXContainerItemProxy section */
		AEDE834E20A5DFF600824568 /* PBXContainerItemProxy */ = {
			isa = PBXContainerItemProxy;
			containerPortal = AEDE833A20A5DFF600824568 /* Project object */;
			proxyType = 1;
			remoteGlobalIDString = AEDE834220A5DFF600824568;
			remoteInfo = ShareImageInstagram;
		};
/* End PBXContainerItemProxy section */

/* Begin PBXFileReference section */
		AEDE834320A5DFF600824568 /* ShareImageInstagram.framework */ = {isa = PBXFileReference; explicitFileType = wrapper.framework; includeInIndex = 0; path = ShareImageInstagram.framework; sourceTree = BUILT_PRODUCTS_DIR; };
		AEDE834620A5DFF600824568 /* ShareImageInstagram.h */ = {isa = PBXFileReference; lastKnownFileType = sourcecode.c.h; path = ShareImageInstagram.h; sourceTree = "<group>"; };
		AEDE834720A5DFF600824568 /* Info.plist */ = {isa = PBXFileReference; lastKnownFileType = text.plist.xml; path = Info.plist; sourceTree = "<group>"; };
		AEDE834C20A5DFF600824568 /* ShareImageInstagramTests.xctest */ = {isa = PBXFileReference; explicitFileType = wrapper.cfbundle; includeInIndex = 0; path = ShareImageInstagramTests.xctest; sourceTree = BUILT_PRODUCTS_DIR; };
		AEDE835120A5DFF600824568 /* ShareImageInstagramTests.swift */ = {isa = PBXFileReference; lastKnownFileType = sourcecode.swift; path = ShareImageInstagramTests.swift; sourceTree = "<group>"; };
		AEDE835320A5DFF600824568 /* Info.plist */ = {isa = PBXFileReference; lastKnownFileType = text.plist.xml; path = Info.plist; sourceTree = "<group>"; };
		AEDE835E20A5E0BA00824568 /* ShareImageInstagram.swift */ = {isa = PBXFileReference; fileEncoding = 4; lastKnownFileType = sourcecode.swift; path = ShareImageInstagram.swift; sourceTree = "<group>"; };
/* End PBXFileReference section */

/* Begin PBXFrameworksBuildPhase section */
		AEDE833F20A5DFF600824568 /* Frameworks */ = {
			isa = PBXFrameworksBuildPhase;
			buildActionMask = 2147483647;
			files = (
			);
			runOnlyForDeploymentPostprocessing = 0;
		};
		AEDE834920A5DFF600824568 /* Frameworks */ = {
			isa = PBXFrameworksBuildPhase;
			buildActionMask = 2147483647;
			files = (
				AEDE834D20A5DFF600824568 /* ShareImageInstagram.framework in Frameworks */,
			);
			runOnlyForDeploymentPostprocessing = 0;
		};
/* End PBXFrameworksBuildPhase section */

/* Begin PBXGroup section */
		AEDE833920A5DFF600824568 = {
			isa = PBXGroup;
			children = (
				AEDE834520A5DFF600824568 /* ShareImageInstagram */,
				AEDE835020A5DFF600824568 /* ShareImageInstagramTests */,
				AEDE834420A5DFF600824568 /* Products */,
			);
			sourceTree = "<group>";
		};
		AEDE834420A5DFF600824568 /* Products */ = {
			isa = PBXGroup;
			children = (
				AEDE834320A5DFF600824568 /* ShareImageInstagram.framework */,
				AEDE834C20A5DFF600824568 /* ShareImageInstagramTests.xctest */,
			);
			name = Products;
			sourceTree = "<group>";
		};
		AEDE834520A5DFF600824568 /* ShareImageInstagram */ = {
			isa = PBXGroup;
			children = (
				AEDE835E20A5E0BA00824568 /* ShareImageInstagram.swift */,
				AEDE834620A5DFF600824568 /* ShareImageInstagram.h */,
				AEDE834720A5DFF600824568 /* Info.plist */,
			);
			path = ShareImageInstagram;
			sourceTree = "<group>";
		};
		AEDE835020A5DFF600824568 /* ShareImageInstagramTests */ = {
			isa = PBXGroup;
			children = (
				AEDE835120A5DFF600824568 /* ShareImageInstagramTests.swift */,
				AEDE835320A5DFF600824568 /* Info.plist */,
			);
			path = ShareImageInstagramTests;
			sourceTree = "<group>";
		};
/* End PBXGroup section */

/* Begin PBXHeadersBuildPhase section */
		AEDE834020A5DFF600824568 /* Headers */ = {
			isa = PBXHeadersBuildPhase;
			buildActionMask = 2147483647;
			files = (
				AEDE835420A5DFF600824568 /* ShareImageInstagram.h in Headers */,
			);
			runOnlyForDeploymentPostprocessing = 0;
		};
/* End PBXHeadersBuildPhase section */

/* Begin PBXNativeTarget section */
		AEDE834220A5DFF600824568 /* ShareImageInstagram */ = {
			isa = PBXNativeTarget;
			buildConfigurationList = AEDE835720A5DFF600824568 /* Build configuration list for PBXNativeTarget "ShareImageInstagram" */;
			buildPhases = (
				AEDE833E20A5DFF600824568 /* Sources */,
				AEDE833F20A5DFF600824568 /* Frameworks */,
				AEDE834020A5DFF600824568 /* Headers */,
				AEDE834120A5DFF600824568 /* Resources */,
			);
			buildRules = (
			);
			dependencies = (
			);
			name = ShareImageInstagram;
			productName = ShareImageInstagram;
			productReference = AEDE834320A5DFF600824568 /* ShareImageInstagram.framework */;
			productType = "com.apple.product-type.framework";
		};
		AEDE834B20A5DFF600824568 /* ShareImageInstagramTests */ = {
			isa = PBXNativeTarget;
			buildConfigurationList = AEDE835A20A5DFF600824568 /* Build configuration list for PBXNativeTarget "ShareImageInstagramTests" */;
			buildPhases = (
				AEDE834820A5DFF600824568 /* Sources */,
				AEDE834920A5DFF600824568 /* Frameworks */,
				AEDE834A20A5DFF600824568 /* Resources */,
			);
			buildRules = (
			);
			dependencies = (
				AEDE834F20A5DFF600824568 /* PBXTargetDependency */,
			);
			name = ShareImageInstagramTests;
			productName = ShareImageInstagramTests;
			productReference = AEDE834C20A5DFF600824568 /* ShareImageInstagramTests.xctest */;
			productType = "com.apple.product-type.bundle.unit-test";
		};
/* End PBXNativeTarget section */

/* Begin PBXProject section */
		AEDE833A20A5DFF600824568 /* Project object */ = {
			isa = PBXProject;
			attributes = {
				LastSwiftUpdateCheck = 0930;
				LastUpgradeCheck = 0930;
				ORGANIZATIONNAME = Fabricio;
				TargetAttributes = {
					AEDE834220A5DFF600824568 = {
						CreatedOnToolsVersion = 9.3;
						LastSwiftMigration = 0930;
					};
					AEDE834B20A5DFF600824568 = {
						CreatedOnToolsVersion = 9.3;
					};
				};
			};
			buildConfigurationList = AEDE833D20A5DFF600824568 /* Build configuration list for PBXProject "ShareImageInstagram" */;
			compatibilityVersion = "Xcode 9.3";
			developmentRegion = en;
			hasScannedForEncodings = 0;
			knownRegions = (
				en,
			);
			mainGroup = AEDE833920A5DFF600824568;
			productRefGroup = AEDE834420A5DFF600824568 /* Products */;
			projectDirPath = "";
			projectRoot = "";
			targets = (
				AEDE834220A5DFF600824568 /* ShareImageInstagram */,
				AEDE834B20A5DFF600824568 /* ShareImageInstagramTests */,
			);
		};
/* End PBXProject section */

/* Begin PBXResourcesBuildPhase section */
		AEDE834120A5DFF600824568 /* Resources */ = {
			isa = PBXResourcesBuildPhase;
			buildActionMask = 2147483647;
			files = (
			);
			runOnlyForDeploymentPostprocessing = 0;
		};
		AEDE834A20A5DFF600824568 /* Resources */ = {
			isa = PBXResourcesBuildPhase;
			buildActionMask = 2147483647;
			files = (
			);
			runOnlyForDeploymentPostprocessing = 0;
		};
/* End PBXResourcesBuildPhase section */

/* Begin PBXSourcesBuildPhase section */
		AEDE833E20A5DFF600824568 /* Sources */ = {
			isa = PBXSourcesBuildPhase;
			buildActionMask = 2147483647;
			files = (
				AEDE835F20A5E0BB00824568 /* ShareImageInstagram.swift in Sources */,
			);
			runOnlyForDeploymentPostprocessing = 0;
		};
		AEDE834820A5DFF600824568 /* Sources */ = {
			isa = PBXSourcesBuildPhase;
			buildActionMask = 2147483647;
			files = (
				AEDE835220A5DFF600824568 /* ShareImageInstagramTests.swift in Sources */,
			);
			runOnlyForDeploymentPostprocessing = 0;
		};
/* End PBXSourcesBuildPhase section */

/* Begin PBXTargetDependency section */
		AEDE834F20A5DFF600824568 /* PBXTargetDependency */ = {
			isa = PBXTargetDependency;
			target = AEDE834220A5DFF600824568 /* ShareImageInstagram */;
			targetProxy = AEDE834E20A5DFF600824568 /* PBXContainerItemProxy */;
		};
/* End PBXTargetDependency section */

/* Begin XCBuildConfiguration section */
		AEDE835520A5DFF600824568 /* Debug */ = {
			isa = XCBuildConfiguration;
			buildSettings = {
				ALWAYS_SEARCH_USER_PATHS = NO;
				CLANG_ANALYZER_NONNULL = YES;
				CLANG_ANALYZER_NUMBER_OBJECT_CONVERSION = YES_AGGRESSIVE;
				CLANG_CXX_LANGUAGE_STANDARD = "gnu++14";
				CLANG_CXX_LIBRARY = "libc++";
				CLANG_ENABLE_MODULES = YES;
				CLANG_ENABLE_OBJC_ARC = YES;
				CLANG_ENABLE_OBJC_WEAK = YES;
				CLANG_WARN_BLOCK_CAPTURE_AUTORELEASING = YES;
				CLANG_WARN_BOOL_CONVERSION = YES;
				CLANG_WARN_COMMA = YES;
				CLANG_WARN_CONSTANT_CONVERSION = YES;
				CLANG_WARN_DEPRECATED_OBJC_IMPLEMENTATIONS = YES;
				CLANG_WARN_DIRECT_OBJC_ISA_USAGE = YES_ERROR;
				CLANG_WARN_DOCUMENTATION_COMMENTS = YES;
				CLANG_WARN_EMPTY_BODY = YES;
				CLANG_WARN_ENUM_CONVERSION = YES;
				CLANG_WARN_INFINITE_RECURSION = YES;
				CLANG_WARN_INT_CONVERSION = YES;
				CLANG_WARN_NON_LITERAL_NULL_CONVERSION = YES;
				CLANG_WARN_OBJC_IMPLICIT_RETAIN_SELF = YES;
				CLANG_WARN_OBJC_LITERAL_CONVERSION = YES;
				CLANG_WARN_OBJC_ROOT_CLASS = YES_ERROR;
				CLANG_WARN_RANGE_LOOP_ANALYSIS = YES;
				CLANG_WARN_STRICT_PROTOTYPES = YES;
				CLANG_WARN_SUSPICIOUS_MOVE = YES;
				CLANG_WARN_UNGUARDED_AVAILABILITY = YES_AGGRESSIVE;
				CLANG_WARN_UNREACHABLE_CODE = YES;
				CLANG_WARN__DUPLICATE_METHOD_MATCH = YES;
				CODE_SIGN_IDENTITY = "iPhone Developer";
				COPY_PHASE_STRIP = NO;
				CURRENT_PROJECT_VERSION = 1;
				DEBUG_INFORMATION_FORMAT = dwarf;
				ENABLE_STRICT_OBJC_MSGSEND = YES;
				ENABLE_TESTABILITY = YES;
				GCC_C_LANGUAGE_STANDARD = gnu11;
				GCC_DYNAMIC_NO_PIC = NO;
				GCC_NO_COMMON_BLOCKS = YES;
				GCC_OPTIMIZATION_LEVEL = 0;
				GCC_PREPROCESSOR_DEFINITIONS = (
					"DEBUG=1",
					"$(inherited)",
				);
				GCC_WARN_64_TO_32_BIT_CONVERSION = YES;
				GCC_WARN_ABOUT_RETURN_TYPE = YES_ERROR;
				GCC_WARN_UNDECLARED_SELECTOR = YES;
				GCC_WARN_UNINITIALIZED_AUTOS = YES_AGGRESSIVE;
				GCC_WARN_UNUSED_FUNCTION = YES;
				GCC_WARN_UNUSED_VARIABLE = YES;
				IPHONEOS_DEPLOYMENT_TARGET = 11.3;
				MTL_ENABLE_DEBUG_INFO = YES;
				ONLY_ACTIVE_ARCH = YES;
				SDKROOT = iphoneos;
				SWIFT_ACTIVE_COMPILATION_CONDITIONS = DEBUG;
				SWIFT_OPTIMIZATION_LEVEL = "-Onone";
				VERSIONING_SYSTEM = "apple-generic";
				VERSION_INFO_PREFIX = "";
			};
			name = Debug;
		};
		AEDE835620A5DFF600824568 /* Release */ = {
			isa = XCBuildConfiguration;
			buildSettings = {
				ALWAYS_SEARCH_USER_PATHS = NO;
				CLANG_ANALYZER_NONNULL = YES;
				CLANG_ANALYZER_NUMBER_OBJECT_CONVERSION = YES_AGGRESSIVE;
				CLANG_CXX_LANGUAGE_STANDARD = "gnu++14";
				CLANG_CXX_LIBRARY = "libc++";
				CLANG_ENABLE_MODULES = YES;
				CLANG_ENABLE_OBJC_ARC = YES;
				CLANG_ENABLE_OBJC_WEAK = YES;
				CLANG_WARN_BLOCK_CAPTURE_AUTORELEASING = YES;
				CLANG_WARN_BOOL_CONVERSION = YES;
				CLANG_WARN_COMMA = YES;
				CLANG_WARN_CONSTANT_CONVERSION = YES;
				CLANG_WARN_DEPRECATED_OBJC_IMPLEMENTATIONS = YES;
				CLANG_WARN_DIRECT_OBJC_ISA_USAGE = YES_ERROR;
				CLANG_WARN_DOCUMENTATION_COMMENTS = YES;
				CLANG_WARN_EMPTY_BODY = YES;
				CLANG_WARN_ENUM_CONVERSION = YES;
				CLANG_WARN_INFINITE_RECURSION = YES;
				CLANG_WARN_INT_CONVERSION = YES;
				CLANG_WARN_NON_LITERAL_NULL_CONVERSION = YES;
				CLANG_WARN_OBJC_IMPLICIT_RETAIN_SELF = YES;
				CLANG_WARN_OBJC_LITERAL_CONVERSION = YES;
				CLANG_WARN_OBJC_ROOT_CLASS = YES_ERROR;
				CLANG_WARN_RANGE_LOOP_ANALYSIS = YES;
				CLANG_WARN_STRICT_PROTOTYPES = YES;
				CLANG_WARN_SUSPICIOUS_MOVE = YES;
				CLANG_WARN_UNGUARDED_AVAILABILITY = YES_AGGRESSIVE;
				CLANG_WARN_UNREACHABLE_CODE = YES;
				CLANG_WARN__DUPLICATE_METHOD_MATCH = YES;
				CODE_SIGN_IDENTITY = "iPhone Developer";
				COPY_PHASE_STRIP = NO;
				CURRENT_PROJECT_VERSION = 1;
				DEBUG_INFORMATION_FORMAT = "dwarf-with-dsym";
				ENABLE_NS_ASSERTIONS = NO;
				ENABLE_STRICT_OBJC_MSGSEND = YES;
				GCC_C_LANGUAGE_STANDARD = gnu11;
				GCC_NO_COMMON_BLOCKS = YES;
				GCC_WARN_64_TO_32_BIT_CONVERSION = YES;
				GCC_WARN_ABOUT_RETURN_TYPE = YES_ERROR;
				GCC_WARN_UNDECLARED_SELECTOR = YES;
				GCC_WARN_UNINITIALIZED_AUTOS = YES_AGGRESSIVE;
				GCC_WARN_UNUSED_FUNCTION = YES;
				GCC_WARN_UNUSED_VARIABLE = YES;
				IPHONEOS_DEPLOYMENT_TARGET = 11.3;
				MTL_ENABLE_DEBUG_INFO = NO;
				SDKROOT = iphoneos;
				SWIFT_COMPILATION_MODE = wholemodule;
				SWIFT_OPTIMIZATION_LEVEL = "-O";
				VALIDATE_PRODUCT = YES;
				VERSIONING_SYSTEM = "apple-generic";
				VERSION_INFO_PREFIX = "";
			};
			name = Release;
		};
		AEDE835820A5DFF600824568 /* Debug */ = {
			isa = XCBuildConfiguration;
			buildSettings = {
				CLANG_ENABLE_MODULES = YES;
				CODE_SIGN_IDENTITY = "";
				CODE_SIGN_STYLE = Automatic;
				DEFINES_MODULE = YES;
				DEVELOPMENT_TEAM = 53976F2732;
				DYLIB_COMPATIBILITY_VERSION = 1;
				DYLIB_CURRENT_VERSION = 1;
				DYLIB_INSTALL_NAME_BASE = "@rpath";
				INFOPLIST_FILE = ShareImageInstagram/Info.plist;
				INSTALL_PATH = "$(LOCAL_LIBRARY_DIR)/Frameworks";
				LD_RUNPATH_SEARCH_PATHS = (
					"$(inherited)",
					"@executable_path/Frameworks",
					"@loader_path/Frameworks",
				);
				PRODUCT_BUNDLE_IDENTIFIER = Fabricio.ShareImageInstagram;
				PRODUCT_NAME = "$(TARGET_NAME:c99extidentifier)";
				SKIP_INSTALL = YES;
				SWIFT_OPTIMIZATION_LEVEL = "-Onone";
				SWIFT_VERSION = 4.0;
				TARGETED_DEVICE_FAMILY = "1,2";
			};
			name = Debug;
		};
		AEDE835920A5DFF600824568 /* Release */ = {
			isa = XCBuildConfiguration;
			buildSettings = {
				CLANG_ENABLE_MODULES = YES;
				CODE_SIGN_IDENTITY = "";
				CODE_SIGN_STYLE = Automatic;
				DEFINES_MODULE = YES;
				DEVELOPMENT_TEAM = 53976F2732;
				DYLIB_COMPATIBILITY_VERSION = 1;
				DYLIB_CURRENT_VERSION = 1;
				DYLIB_INSTALL_NAME_BASE = "@rpath";
				INFOPLIST_FILE = ShareImageInstagram/Info.plist;
				INSTALL_PATH = "$(LOCAL_LIBRARY_DIR)/Frameworks";
				LD_RUNPATH_SEARCH_PATHS = (
					"$(inherited)",
					"@executable_path/Frameworks",
					"@loader_path/Frameworks",
				);
				PRODUCT_BUNDLE_IDENTIFIER = Fabricio.ShareImageInstagram;
				PRODUCT_NAME = "$(TARGET_NAME:c99extidentifier)";
				SKIP_INSTALL = YES;
				SWIFT_VERSION = 4.0;
				TARGETED_DEVICE_FAMILY = "1,2";
			};
			name = Release;
		};
		AEDE835B20A5DFF600824568 /* Debug */ = {
			isa = XCBuildConfiguration;
			buildSettings = {
				ALWAYS_EMBED_SWIFT_STANDARD_LIBRARIES = YES;
				CODE_SIGN_STYLE = Automatic;
				DEVELOPMENT_TEAM = 53976F2732;
				INFOPLIST_FILE = ShareImageInstagramTests/Info.plist;
				LD_RUNPATH_SEARCH_PATHS = (
					"$(inherited)",
					"@executable_path/Frameworks",
					"@loader_path/Frameworks",
				);
				PRODUCT_BUNDLE_IDENTIFIER = Fabricio.ShareImageInstagramTests;
				PRODUCT_NAME = "$(TARGET_NAME)";
				SWIFT_VERSION = 4.0;
				TARGETED_DEVICE_FAMILY = "1,2";
			};
			name = Debug;
		};
		AEDE835C20A5DFF600824568 /* Release */ = {
			isa = XCBuildConfiguration;
			buildSettings = {
				ALWAYS_EMBED_SWIFT_STANDARD_LIBRARIES = YES;
				CODE_SIGN_STYLE = Automatic;
				DEVELOPMENT_TEAM = 53976F2732;
				INFOPLIST_FILE = ShareImageInstagramTests/Info.plist;
				LD_RUNPATH_SEARCH_PATHS = (
					"$(inherited)",
					"@executable_path/Frameworks",
					"@loader_path/Frameworks",
				);
				PRODUCT_BUNDLE_IDENTIFIER = Fabricio.ShareImageInstagramTests;
				PRODUCT_NAME = "$(TARGET_NAME)";
				SWIFT_VERSION = 4.0;
				TARGETED_DEVICE_FAMILY = "1,2";
			};
			name = Release;
		};
/* End XCBuildConfiguration section */

/* Begin XCConfigurationList section */
		AEDE833D20A5DFF600824568 /* Build configuration list for PBXProject "ShareImageInstagram" */ = {
			isa = XCConfigurationList;
			buildConfigurations = (
				AEDE835520A5DFF600824568 /* Debug */,
				AEDE835620A5DFF600824568 /* Release */,
			);
			defaultConfigurationIsVisible = 0;
			defaultConfigurationName = Release;
		};
		AEDE835720A5DFF600824568 /* Build configuration list for PBXNativeTarget "ShareImageInstagram" */ = {
			isa = XCConfigurationList;
			buildConfigurations = (
				AEDE835820A5DFF600824568 /* Debug */,
				AEDE835920A5DFF600824568 /* Release */,
			);
			defaultConfigurationIsVisible = 0;
			defaultConfigurationName = Release;
		};
		AEDE835A20A5DFF600824568 /* Build configuration list for PBXNativeTarget "ShareImageInstagramTests" */ = {
			isa = XCConfigurationList;
			buildConfigurations = (
				AEDE835B20A5DFF600824568 /* Debug */,
				AEDE835C20A5DFF600824568 /* Release */,
			);
			defaultConfigurationIsVisible = 0;
			defaultConfigurationName = Release;
		};
/* End XCConfigurationList section */
	};
	rootObject = AEDE833A20A5DFF600824568 /* Project object */;
}
